github.com/beorn7/perks v0.0.0-20180321164747-3a771d992973 h1:xJ4a3vCFaGF/jqvzLMYoU8P317H5OQ+Via4RmuPwCS0=
github.com/beorn7/perks v0.0.0-20180321164747-3a771d992973/go.mod h1:Dwedo/Wpr24TaqPxmxbtue+5NUziq4I4S80YR8gNf3Q=
github.com/cloudfoundry-community/go-cfclient v0.0.0-20180404210329-cfc053bbd960 h1:M4rPDt3sPCq3hXsVfObZEGAx3uvZpZfBx9DowJ1KQvY=
github.com/cloudfoundry-community/go-cfclient v0.0.0-20180404210329-cfc053bbd960/go.mod h1:awqQBZ30j+KR+Zt6pzRZmNVZZ2Q/05LXNQbCM1+frL4=
github.com/cloudfoundry-community/go-cfenv v1.17.0/go.mod h1:2UgWvQTRXUuIZ/x3KnW6fk6CgPBhcV4UQb/UGIrUyyI=
github.com/cloudfoundry/gofileutils v0.0.0-20170111115228-4d0c80011a0f h1:3WbAZFyGnNjeYKm74CsuxXVlZWYibufTaRjH5H9mNpw=
github.com/cloudfoundry/gofileutils v0.0.0-20170111115228-4d0c80011a0f/go.mod h1:Zv7xtAh/T/tmfZlxpESaWWiWOdiJz2GfbBYxImuI6T4=
github.com/golang/protobuf v1.0.0 h1:lsek0oXi8iFE9L+EXARyHIjU5rlWIhhTkjDz3vHhWWQ=
github.com/golang/protobuf v1.0.0/go.mod h1:6lQm79b+lXiMfvg/cZm0SGofjICqVBUtrP5yJMmIC1U=
github.com/matttproud/golang_protobuf_extensions v1.0.0 h1:YNOwxxSJzSUARoD9KRZLzM9Y858MNGCOACTvCW9TSAc=
github.com/matttproud/golang_protobuf_extensions v1.0.0/go.mod h1:D8He9yQNgCq6Z5Ld7szi9bcBfOoFv/3dc6xSMkL2PC0=
github.com/mitchellh/mapstructure v0.0.0-20180220230111-00c29f56e238 h1:+MZW2uvHgN8kYvksEN3f7eFL2wpzk0GxmlFsMybWc7E=
github.com/mitchellh/mapstructure v0.0.0-20180220230111-00c29f56e238/go.mod h1:FVVH3fgwuzCH5S8UJGiWEs2h04kUh9fWfEaFds41c1Y=
github.com/pkg/errors v0.8.0/go.mod h1:bwawxfHBFNV+L2hUp1rHADufV3IMtnDRdf1r5NINEl0=
github.com/prometheus/client_golang v0.8.0 h1:1921Yw9Gc3iSc4VQh3PIoOqgPCZS7G/4xQNVUp8Mda8=
github.com/prometheus/client_golang v0.8.0/go.mod h1:7SWBe2y4D6OKWSNQJUaRYU/AaXPKyh/dDVn+NZz0KFw=
github.com/prometheus/client_model v0.0.0-20171117100541-99fa1f4be8e5 h1:cLL6NowurKLMfCeQy4tIeph12XNQWgANCNvdyrOYKV4=
github.com/prometheus/client_model v0.0.0-20171117100541-99fa1f4be8e5/go.mod h1:MbSGuTsp3dbXC40dX6PRTWyKYBIrTGTE9sqQNg2J8bo=
github.com/prometheus/common v0.0.0-20180413074202-d0f7cd64bda4 h1:rPmL0pCWefiqV7RjMYuBUrLbMJmNVjRKz82caELPTUQ=
github.com/prometheus/common v0.0.0-20180413074202-d0f7cd64bda4/go.mod h1:daVV7qP5qjZbuso7PdcryaAu0sAZbrN9i7WWcTMWvro=
github.com/prometheus/procfs v0.0.0-20180408092902-8b1c2da0d56d h1:RCcsxyRr6+/pLg6wr0cUjPovhEhSNOtPh0SOz6u3hGU=
github.com/prometheus/procfs v0.0.0-20180408092902-8b1c2da0d56d/go.mod h1:c3At6R/oaqEKCNdg8wHV1ftS6bRYblBhIjjI8uT2IGk=
golang.org/x/net v0.0.0-20180420171651-5f9ae10d9af5 h1:ylIG3jIeS45kB0W95N19kS62fwermjMYLIyybf8xh9M=
golang.org/x/net v0.0.0-20180420171651-5f9ae10d9af5/go.mod h1:mL1N/T3taQHkDXs73rZJwtUhF3w3ftmwwsq0BUmARs4=
golang.org/x/oauth2 v0.0.0-20180416194528-6881fee410a5 h1:yammTX+17Kk8zo3wLi2C76s8XKCsyhSXwTVTFbqcKjM=
golang.org/x/oauth2 v0.0.0-20180416194528-6881fee410a5/go.mod h1:N/0e6XlmueqKjAGxoOufVs8QHGRruUQn6yWY3a++T0U=
google.golang.org/appengine v1.0.0/go.mod h1:EbEs0AVv82hx2wNQdGPgUI5lhzA/G0D9YwlJXL52JkM=
gopkg.in/check.v1 v0.0.0-20161208181325-20d25e280405/go.mod h1:Co6ibVJAznAaIkqp8huTwlJQCZ016jof/cbN4VW5Yz0=
gopkg.in/yaml.v2 v2.2.1/go.mod h1:hI93XBmqTisBFMUTm0b8Fm+jr3Dg1NNxqwp+5A1VGuI=
